// !$*UTF8*$!
{
	archiveVersion = 1;
	classes = {
	};
	objectVersion = 46;
	objects = {

/* Begin PBXBuildFile section */
		0F05DC1C1E6BF5240001F51B /* NewsModel.m in Sources */ = {isa = PBXBuildFile; fileRef = 0F05DC1B1E6BF5240001F51B /* NewsModel.m */; };
		0F05DC201E6BFA4C0001F51B /* NSArray+Log.m in Sources */ = {isa = PBXBuildFile; fileRef = 0F05DC1F1E6BFA4C0001F51B /* NSArray+Log.m */; };
		0F2D99841E62AF5900C5017C /* main.m in Sources */ = {isa = PBXBuildFile; fileRef = 0F2D99831E62AF5900C5017C /* main.m */; };
		0F2D99871E62AF5900C5017C /* AppDelegate.m in Sources */ = {isa = PBXBuildFile; fileRef = 0F2D99861E62AF5900C5017C /* AppDelegate.m */; };
		0F2D998F1E62AF5900C5017C /* Assets.xcassets in Resources */ = {isa = PBXBuildFile; fileRef = 0F2D998E1E62AF5900C5017C /* Assets.xcassets */; };
		0F2D99921E62AF5900C5017C /* LaunchScreen.storyboard in Resources */ = {isa = PBXBuildFile; fileRef = 0F2D99901E62AF5900C5017C /* LaunchScreen.storyboard */; };
		0F2D999D1E62B4EB00C5017C /* News.storyboard in Resources */ = {isa = PBXBuildFile; fileRef = 0F2D999C1E62B4EB00C5017C /* News.storyboard */; };
		0F2D99A01E62B52000C5017C /* NewsTableViewController.m in Sources */ = {isa = PBXBuildFile; fileRef = 0F2D999F1E62B52000C5017C /* NewsTableViewController.m */; };
		0F610E351E62E45C00116DAB /* ANetworkTools.m in Sources */ = {isa = PBXBuildFile; fileRef = 0F610E341E62E45C00116DAB /* ANetworkTools.m */; };
		3E9F0C40B4FA7D97626952AF /* libPods-GCNews.a in Frameworks */ = {isa = PBXBuildFile; fileRef = CA05B1B592C0BED16945BF3A /* libPods-GCNews.a */; };
/* End PBXBuildFile section */

/* Begin PBXFileReference section */
		0F05DC1A1E6BF5240001F51B /* NewsModel.h */ = {isa = PBXFileReference; fileEncoding = 4; lastKnownFileType = sourcecode.c.h; path = NewsModel.h; sourceTree = "<group>"; };
		0F05DC1B1E6BF5240001F51B /* NewsModel.m */ = {isa = PBXFileReference; fileEncoding = 4; lastKnownFileType = sourcecode.c.objc; path = NewsModel.m; sourceTree = "<group>"; };
		0F05DC1E1E6BFA4C0001F51B /* NSArray+Log.h */ = {isa = PBXFileReference; fileEncoding = 4; lastKnownFileType = sourcecode.c.h; path = "NSArray+Log.h"; sourceTree = "<group>"; };
		0F05DC1F1E6BFA4C0001F51B /* NSArray+Log.m */ = {isa = PBXFileReference; fileEncoding = 4; lastKnownFileType = sourcecode.c.objc; path = "NSArray+Log.m"; sourceTree = "<group>"; };
		0F2D997F1E62AF5900C5017C /* GCNews.app */ = {isa = PBXFileReference; explicitFileType = wrapper.application; includeInIndex = 0; path = GCNews.app; sourceTree = BUILT_PRODUCTS_DIR; };
		0F2D99831E62AF5900C5017C /* main.m */ = {isa = PBXFileReference; lastKnownFileType = sourcecode.c.objc; path = main.m; sourceTree = "<group>"; };
		0F2D99851E62AF5900C5017C /* AppDelegate.h */ = {isa = PBXFileReference; lastKnownFileType = sourcecode.c.h; path = AppDelegate.h; sourceTree = "<group>"; };
		0F2D99861E62AF5900C5017C /* AppDelegate.m */ = {isa = PBXFileReference; lastKnownFileType = sourcecode.c.objc; path = AppDelegate.m; sourceTree = "<group>"; };
		0F2D998E1E62AF5900C5017C /* Assets.xcassets */ = {isa = PBXFileReference; lastKnownFileType = folder.assetcatalog; path = Assets.xcassets; sourceTree = "<group>"; };
		0F2D99911E62AF5900C5017C /* Base */ = {isa = PBXFileReference; lastKnownFileType = file.storyboard; name = Base; path = Base.lproj/LaunchScreen.storyboard; sourceTree = "<group>"; };
		0F2D99931E62AF5900C5017C /* Info.plist */ = {isa = PBXFileReference; lastKnownFileType = text.plist.xml; path = Info.plist; sourceTree = "<group>"; };
		0F2D999C1E62B4EB00C5017C /* News.storyboard */ = {isa = PBXFileReference; fileEncoding = 4; lastKnownFileType = file.storyboard; path = News.storyboard; sourceTree = "<group>"; };
		0F2D999E1E62B52000C5017C /* NewsTableViewController.h */ = {isa = PBXFileReference; fileEncoding = 4; lastKnownFileType = sourcecode.c.h; path = NewsTableViewController.h; sourceTree = "<group>"; };
		0F2D999F1E62B52000C5017C /* NewsTableViewController.m */ = {isa = PBXFileReference; fileEncoding = 4; lastKnownFileType = sourcecode.c.objc; path = NewsTableViewController.m; sourceTree = "<group>"; };
		0F610E331E62E45C00116DAB /* ANetworkTools.h */ = {isa = PBXFileReference; fileEncoding = 4; lastKnownFileType = sourcecode.c.h; path = ANetworkTools.h; sourceTree = "<group>"; };
		0F610E341E62E45C00116DAB /* ANetworkTools.m */ = {isa = PBXFileReference; fileEncoding = 4; lastKnownFileType = sourcecode.c.objc; path = ANetworkTools.m; sourceTree = "<group>"; };
		8D3DFCAB17D445EB9531E5C9 /* Pods-GCNews.debug.xcconfig */ = {isa = PBXFileReference; includeInIndex = 1; lastKnownFileType = text.xcconfig; name = "Pods-GCNews.debug.xcconfig"; path = "Pods/Target Support Files/Pods-GCNews/Pods-GCNews.debug.xcconfig"; sourceTree = "<group>"; };
		C61AAE698A12AA44C3383B8E /* Pods-GCNews.release.xcconfig */ = {isa = PBXFileReference; includeInIndex = 1; lastKnownFileType = text.xcconfig; name = "Pods-GCNews.release.xcconfig"; path = "Pods/Target Support Files/Pods-GCNews/Pods-GCNews.release.xcconfig"; sourceTree = "<group>"; };
		CA05B1B592C0BED16945BF3A /* libPods-GCNews.a */ = {isa = PBXFileReference; explicitFileType = archive.ar; includeInIndex = 0; path = "libPods-GCNews.a"; sourceTree = BUILT_PRODUCTS_DIR; };
/* End PBXFileReference section */

/* Begin PBXFrameworksBuildPhase section */
		0F2D997C1E62AF5900C5017C /* Frameworks */ = {
			isa = PBXFrameworksBuildPhase;
			buildActionMask = 2147483647;
			files = (
				3E9F0C40B4FA7D97626952AF /* libPods-GCNews.a in Frameworks */,
			);
			runOnlyForDeploymentPostprocessing = 0;
		};
/* End PBXFrameworksBuildPhase section */

/* Begin PBXGroup section */
		0F05DC1D1E6BFA4C0001F51B /* Log */ = {
			isa = PBXGroup;
			children = (
				0F05DC1E1E6BFA4C0001F51B /* NSArray+Log.h */,
				0F05DC1F1E6BFA4C0001F51B /* NSArray+Log.m */,
			);
			path = Log;
			sourceTree = "<group>";
		};
		0F2D99761E62AF5900C5017C = {
			isa = PBXGroup;
			children = (
				0F2D99811E62AF5900C5017C /* GCNews */,
				0F2D99801E62AF5900C5017C /* Products */,
				9239B4D66D3829EC20D74286 /* Pods */,
				3D3CBBD01AD04E705798BE2D /* Frameworks */,
			);
			sourceTree = "<group>";
		};
		0F2D99801E62AF5900C5017C /* Products */ = {
			isa = PBXGroup;
			children = (
				0F2D997F1E62AF5900C5017C /* GCNews.app */,
			);
			name = Products;
			sourceTree = "<group>";
		};
		0F2D99811E62AF5900C5017C /* GCNews */ = {
			isa = PBXGroup;
			children = (
				0F2D99991E62B45900C5017C /* Classes */,
				0F2D99851E62AF5900C5017C /* AppDelegate.h */,
				0F2D99861E62AF5900C5017C /* AppDelegate.m */,
				0F2D998E1E62AF5900C5017C /* Assets.xcassets */,
				0F2D99901E62AF5900C5017C /* LaunchScreen.storyboard */,
				0F2D99931E62AF5900C5017C /* Info.plist */,
				0F2D99821E62AF5900C5017C /* Supporting Files */,
			);
			path = GCNews;
			sourceTree = "<group>";
		};
		0F2D99821E62AF5900C5017C /* Supporting Files */ = {
			isa = PBXGroup;
			children = (
				0F2D99831E62AF5900C5017C /* main.m */,
			);
			name = "Supporting Files";
			sourceTree = "<group>";
		};
		0F2D99991E62B45900C5017C /* Classes */ = {
			isa = PBXGroup;
			children = (
				0F05DC1D1E6BFA4C0001F51B /* Log */,
				0F2D999A1E62B45900C5017C /* News */,
				0F2D999B1E62B45900C5017C /* Tools */,
			);
			path = Classes;
			sourceTree = "<group>";
		};
		0F2D999A1E62B45900C5017C /* News */ = {
			isa = PBXGroup;
			children = (
				0F2D999C1E62B4EB00C5017C /* News.storyboard */,
				0F2D999E1E62B52000C5017C /* NewsTableViewController.h */,
				0F2D999F1E62B52000C5017C /* NewsTableViewController.m */,
				0F05DC1A1E6BF5240001F51B /* NewsModel.h */,
				0F05DC1B1E6BF5240001F51B /* NewsModel.m */,
			);
			path = News;
			sourceTree = "<group>";
		};
		0F2D999B1E62B45900C5017C /* Tools */ = {
			isa = PBXGroup;
			children = (
				0F610E331E62E45C00116DAB /* ANetworkTools.h */,
				0F610E341E62E45C00116DAB /* ANetworkTools.m */,
			);
			path = Tools;
			sourceTree = "<group>";
		};
		3D3CBBD01AD04E705798BE2D /* Frameworks */ = {
			isa = PBXGroup;
			children = (
				CA05B1B592C0BED16945BF3A /* libPods-GCNews.a */,
			);
			name = Frameworks;
			sourceTree = "<group>";
		};
		9239B4D66D3829EC20D74286 /* Pods */ = {
			isa = PBXGroup;
			children = (
				8D3DFCAB17D445EB9531E5C9 /* Pods-GCNews.debug.xcconfig */,
				C61AAE698A12AA44C3383B8E /* Pods-GCNews.release.xcconfig */,
			);
			name = Pods;
			sourceTree = "<group>";
		};
/* End PBXGroup section */

/* Begin PBXNativeTarget section */
		0F2D997E1E62AF5900C5017C /* GCNews */ = {
			isa = PBXNativeTarget;
			buildConfigurationList = 0F2D99961E62AF5900C5017C /* Build configuration list for PBXNativeTarget "GCNews" */;
			buildPhases = (
				8CD7397B033FBBE60522502D /* [CP] Check Pods Manifest.lock */,
				0F2D997B1E62AF5900C5017C /* Sources */,
				0F2D997C1E62AF5900C5017C /* Frameworks */,
				0F2D997D1E62AF5900C5017C /* Resources */,
				79ED2553E2D723F95E8C292F /* [CP] Embed Pods Frameworks */,
				405554F5289257DF5AD92F4C /* [CP] Copy Pods Resources */,
			);
			buildRules = (
			);
			dependencies = (
			);
			name = GCNews;
			productName = GCNews;
			productReference = 0F2D997F1E62AF5900C5017C /* GCNews.app */;
			productType = "com.apple.product-type.application";
		};
/* End PBXNativeTarget section */

/* Begin PBXProject section */
		0F2D99771E62AF5900C5017C /* Project object */ = {
			isa = PBXProject;
			attributes = {
				LastUpgradeCheck = 0730;
				ORGANIZATIONNAME = gongcheng;
				TargetAttributes = {
					0F2D997E1E62AF5900C5017C = {
						CreatedOnToolsVersion = 7.3.1;
						DevelopmentTeam = HZMP2QB3LN;
					};
				};
			};
			buildConfigurationList = 0F2D997A1E62AF5900C5017C /* Build configuration list for PBXProject "GCNews" */;
			compatibilityVersion = "Xcode 3.2";
			developmentRegion = English;
			hasScannedForEncodings = 0;
			knownRegions = (
				en,
				Base,
			);
			mainGroup = 0F2D99761E62AF5900C5017C;
			productRefGroup = 0F2D99801E62AF5900C5017C /* Products */;
			projectDirPath = "";
			projectRoot = "";
			targets = (
				0F2D997E1E62AF5900C5017C /* GCNews */,
			);
		};
/* End PBXProject section */

/* Begin PBXResourcesBuildPhase section */
		0F2D997D1E62AF5900C5017C /* Resources */ = {
			isa = PBXResourcesBuildPhase;
			buildActionMask = 2147483647;
			files = (
				0F2D99921E62AF5900C5017C /* LaunchScreen.storyboard in Resources */,
				0F2D999D1E62B4EB00C5017C /* News.storyboard in Resources */,
				0F2D998F1E62AF5900C5017C /* Assets.xcassets in Resources */,
			);
			runOnlyForDeploymentPostprocessing = 0;
		};
/* End PBXResourcesBuildPhase section */

/* Begin PBXShellScriptBuildPhase section */
		405554F5289257DF5AD92F4C /* [CP] Copy Pods Resources */ = {
			isa = PBXShellScriptBuildPhase;
			buildActionMask = 2147483647;
			files = (
			);
			inputPaths = (
			);
			name = "[CP] Copy Pods Resources";
			outputPaths = (
			);
			runOnlyForDeploymentPostprocessing = 0;
			shellPath = /bin/sh;
			shellScript = "\"${SRCROOT}/Pods/Target Support Files/Pods-GCNews/Pods-GCNews-resources.sh\"\n";
			showEnvVarsInLog = 0;
		};
		79ED2553E2D723F95E8C292F /* [CP] Embed Pods Frameworks */ = {
			isa = PBXShellScriptBuildPhase;
			buildActionMask = 2147483647;
			files = (
			);
			inputPaths = (
			);
			name = "[CP] Embed Pods Frameworks";
			outputPaths = (
			);
			runOnlyForDeploymentPostprocessing = 0;
			shellPath = /bin/sh;
			shellScript = "\"${SRCROOT}/Pods/Target Support Files/Pods-GCNews/Pods-GCNews-frameworks.sh\"\n";
			showEnvVarsInLog = 0;
		};
		8CD7397B033FBBE60522502D /* [CP] Check Pods Manifest.lock */ = {
			isa = PBXShellScriptBuildPhase;
			buildActionMask = 2147483647;
			files = (
			);
			inputPaths = (
			);
			name = "[CP] Check Pods Manifest.lock";
			outputPaths = (
			);
			runOnlyForDeploymentPostprocessing = 0;
			shellPath = /bin/sh;
			shellScript = "diff \"${PODS_ROOT}/../Podfile.lock\" \"${PODS_ROOT}/Manifest.lock\" > /dev/null\nif [ $? != 0 ] ; then\n    # print error to STDERR\n    echo \"error: The sandbox is not in sync with the Podfile.lock. Run 'pod install' or update your CocoaPods installation.\" >&2\n    exit 1\nfi\n";
			showEnvVarsInLog = 0;
		};
/* End PBXShellScriptBuildPhase section */

/* Begin PBXSourcesBuildPhase section */
		0F2D997B1E62AF5900C5017C /* Sources */ = {
			isa = PBXSourcesBuildPhase;
			buildActionMask = 2147483647;
			files = (
				0F05DC1C1E6BF5240001F51B /* NewsModel.m in Sources */,
				0F2D99A01E62B52000C5017C /* NewsTableViewController.m in Sources */,
				0F2D99871E62AF5900C5017C /* AppDelegate.m in Sources */,
				0F05DC201E6BFA4C0001F51B /* NSArray+Log.m in Sources */,
				0F610E351E62E45C00116DAB /* ANetworkTools.m in Sources */,
				0F2D99841E62AF5900C5017C /* main.m in Sources */,
			);
			runOnlyForDeploymentPostprocessing = 0;
		};
/* End PBXSourcesBuildPhase section */

/* Begin PBXVariantGroup section */
		0F2D99901E62AF5900C5017C /* LaunchScreen.storyboard */ = {
			isa = PBXVariantGroup;
			children = (
				0F2D99911E62AF5900C5017C /* Base */,
			);
			name = LaunchScreen.storyboard;
			sourceTree = "<group>";
		};
/* End PBXVariantGroup section */

/* Begin XCBuildConfiguration section */
		0F2D99941E62AF5900C5017C /* Debug */ = {
			isa = XCBuildConfiguration;
			buildSettings = {
				ALWAYS_SEARCH_USER_PATHS = NO;
				CLANG_ANALYZER_NONNULL = YES;
				CLANG_CXX_LANGUAGE_STANDARD = "gnu++0x";
				CLANG_CXX_LIBRARY = "libc++";
				CLANG_ENABLE_MODULES = YES;
				CLANG_ENABLE_OBJC_ARC = YES;
				CLANG_WARN_BOOL_CONVERSION = YES;
				CLANG_WARN_CONSTANT_CONVERSION = YES;
				CLANG_WARN_DIRECT_OBJC_ISA_USAGE = YES_ERROR;
				CLANG_WARN_EMPTY_BODY = YES;
				CLANG_WARN_ENUM_CONVERSION = YES;
				CLANG_WARN_INT_CONVERSION = YES;
				CLANG_WARN_OBJC_ROOT_CLASS = YES_ERROR;
				CLANG_WARN_UNREACHABLE_CODE = YES;
				CLANG_WARN__DUPLICATE_METHOD_MATCH = YES;
				"CODE_SIGN_IDENTITY[sdk=iphoneos*]" = "iPhone Developer";
				COPY_PHASE_STRIP = NO;
				DEBUG_INFORMATION_FORMAT = dwarf;
				ENABLE_STRICT_OBJC_MSGSEND = YES;
				ENABLE_TESTABILITY = YES;
				GCC_C_LANGUAGE_STANDARD = gnu99;
				GCC_DYNAMIC_NO_PIC = NO;
				GCC_NO_COMMON_BLOCKS = YES;
				GCC_OPTIMIZATION_LEVEL = 0;
				GCC_PREPROCESSOR_DEFINITIONS = (
					"DEBUG=1",
					"$(inherited)",
				);
				GCC_WARN_64_TO_32_BIT_CONVERSION = YES;
				GCC_WARN_ABOUT_RETURN_TYPE = YES_ERROR;
				GCC_WARN_UNDECLARED_SELECTOR = YES;
				GCC_WARN_UNINITIALIZED_AUTOS = YES_AGGRESSIVE;
				GCC_WARN_UNUSED_FUNCTION = YES;
				GCC_WARN_UNUSED_VARIABLE = YES;
				IPHONEOS_DEPLOYMENT_TARGET = 9.3;
				MTL_ENABLE_DEBUG_INFO = YES;
				ONLY_ACTIVE_ARCH = YES;
				SDKROOT = iphoneos;
			};
			name = Debug;
		};
		0F2D99951E62AF5900C5017C /* Release */ = {
			isa = XCBuildConfiguration;
			buildSettings = {
				ALWAYS_SEARCH_USER_PATHS = NO;
				CLANG_ANALYZER_NONNULL = YES;
				CLANG_CXX_LANGUAGE_STANDARD = "gnu++0x";
				CLANG_CXX_LIBRARY = "libc++";
				CLANG_ENABLE_MODULES = YES;
				CLANG_ENABLE_OBJC_ARC = YES;
				CLANG_WARN_BOOL_CONVERSION = YES;
				CLANG_WARN_CONSTANT_CONVERSION = YES;
				CLANG_WARN_DIRECT_OBJC_ISA_USAGE = YES_ERROR;
				CLANG_WARN_EMPTY_BODY = YES;
				CLANG_WARN_ENUM_CONVERSION = YES;
				CLANG_WARN_INT_CONVERSION = YES;
				CLANG_WARN_OBJC_ROOT_CLASS = YES_ERROR;
				CLANG_WARN_UNREACHABLE_CODE = YES;
				CLANG_WARN__DUPLICATE_METHOD_MATCH = YES;
				"CODE_SIGN_IDENTITY[sdk=iphoneos*]" = "iPhone Developer";
				COPY_PHASE_STRIP = NO;
				DEBUG_INFORMATION_FORMAT = "dwarf-with-dsym";
				ENABLE_NS_ASSERTIONS = NO;
				ENABLE_STRICT_OBJC_MSGSEND = YES;
				GCC_C_LANGUAGE_STANDARD = gnu99;
				GCC_NO_COMMON_BLOCKS = YES;
				GCC_WARN_64_TO_32_BIT_CONVERSION = YES;
				GCC_WARN_ABOUT_RETURN_TYPE = YES_ERROR;
				GCC_WARN_UNDECLARED_SELECTOR = YES;
				GCC_WARN_UNINITIALIZED_AUTOS = YES_AGGRESSIVE;
				GCC_WARN_UNUSED_FUNCTION = YES;
				GCC_WARN_UNUSED_VARIABLE = YES;
				IPHONEOS_DEPLOYMENT_TARGET = 9.3;
				MTL_ENABLE_DEBUG_INFO = NO;
				SDKROOT = iphoneos;
				VALIDATE_PRODUCT = YES;
			};
			name = Release;
		};
		0F2D99971E62AF5900C5017C /* Debug */ = {
			isa = XCBuildConfiguration;
			baseConfigurationReference = 8D3DFCAB17D445EB9531E5C9 /* Pods-GCNews.debug.xcconfig */;
			buildSettings = {
				ASSETCATALOG_COMPILER_APPICON_NAME = AppIcon;
				INFOPLIST_FILE = GCNews/Info.plist;
				LD_RUNPATH_SEARCH_PATHS = "$(inherited) @executable_path/Frameworks";
				PRODUCT_BUNDLE_IDENTIFIER = cn.cheng.GCNews;
				PRODUCT_NAME = "$(TARGET_NAME)";
			};
			name = Debug;
		};
		0F2D99981E62AF5900C5017C /* Release */ = {
			isa = XCBuildConfiguration;
			baseConfigurationReference = C61AAE698A12AA44C3383B8E /* Pods-GCNews.release.xcconfig */;
			buildSettings = {
				ASSETCATALOG_COMPILER_APPICON_NAME = AppIcon;
				INFOPLIST_FILE = GCNews/Info.plist;
				LD_RUNPATH_SEARCH_PATHS = "$(inherited) @executable_path/Frameworks";
				PRODUCT_BUNDLE_IDENTIFIER = cn.cheng.GCNews;
				PRODUCT_NAME = "$(TARGET_NAME)";
			};
			name = Release;
		};
/* End XCBuildConfiguration section */

/* Begin XCConfigurationList section */
		0F2D997A1E62AF5900C5017C /* Build configuration list for PBXProject "GCNews" */ = {
			isa = XCConfigurationList;
			buildConfigurations = (
				0F2D99941E62AF5900C5017C /* Debug */,
				0F2D99951E62AF5900C5017C /* Release */,
			);
			defaultConfigurationIsVisible = 0;
			defaultConfigurationName = Release;
		};
		0F2D99961E62AF5900C5017C /* Build configuration list for PBXNativeTarget "GCNews" */ = {
			isa = XCConfigurationList;
			buildConfigurations = (
				0F2D99971E62AF5900C5017C /* Debug */,
				0F2D99981E62AF5900C5017C /* Release */,
			);
			defaultConfigurationIsVisible = 0;
			defaultConfigurationName = Release;
		};
/* End XCConfigurationList section */
	};
	rootObject = 0F2D99771E62AF5900C5017C /* Project object */;
}
